
Microsoft Visual Studio Solution File, Format Version 12.00
# Visual Studio Version 17
VisualStudioVersion = 17.3.32929.385
MinimumVisualStudioVersion = 10.0.40219.1
Project("{9A19103F-16F7-4668-BE54-9A1E7A4F7556}") = "SkillBox_WIN10", "SkillBox_WIN10\SkillBox_WIN10.csproj", "{256EDEE7-9510-4752-8984-1E85831F2656}"
EndProject
Project("{9A19103F-16F7-4668-BE54-9A1E7A4F7556}") = "task_11_bank", "task_11_bank\task_11_bank.csproj", "{18928424-F481-4EF0-A9AA-E22AE34EE3EE}"
EndProject
Project("{9A19103F-16F7-4668-BE54-9A1E7A4F7556}") = "task_12_bank", "task_12_bank\task_12_bank.csproj", "{AB09A973-B6CF-42D3-BC34-F235FEDBBF39}"
EndProject
Project("{9A19103F-16F7-4668-BE54-9A1E7A4F7556}") = "task_14_bank", "task_14_bank\task_14_bank.csproj", "{BC91CF90-B96B-48F1-ABCE-08A030259BB5}"
EndProject
Project("{9A19103F-16F7-4668-BE54-9A1E7A4F7556}") = "Account", "Account\Account.csproj", "{65E132BB-D83A-4A12-98B3-2A126BB9F7B5}"
EndProject
Project("{FAE04EC0-301F-11D3-BF4B-00C04F79EFBC}") = "Logging", "Logging\Logging.csproj", "{65B8D30C-3EC3-45D4-8BC3-019A1F2B20D3}"
EndProject
Global
	GlobalSection(SolutionConfigurationPlatforms) = preSolution
		Debug|Any CPU = Debug|Any CPU
		Release|Any CPU = Release|Any CPU
	EndGlobalSection
	GlobalSection(ProjectConfigurationPlatforms) = postSolution
		{256EDEE7-9510-4752-8984-1E85831F2656}.Debug|Any CPU.ActiveCfg = Debug|Any CPU
		{256EDEE7-9510-4752-8984-1E85831F2656}.Debug|Any CPU.Build.0 = Debug|Any CPU
		{256EDEE7-9510-4752-8984-1E85831F2656}.Release|Any CPU.ActiveCfg = Release|Any CPU
		{256EDEE7-9510-4752-8984-1E85831F2656}.Release|Any CPU.Build.0 = Release|Any CPU
		{18928424-F481-4EF0-A9AA-E22AE34EE3EE}.Debug|Any CPU.ActiveCfg = Debug|Any CPU
		{18928424-F481-4EF0-A9AA-E22AE34EE3EE}.Debug|Any CPU.Build.0 = Debug|Any CPU
		{18928424-F481-4EF0-A9AA-E22AE34EE3EE}.Release|Any CPU.ActiveCfg = Release|Any CPU
		{18928424-F481-4EF0-A9AA-E22AE34EE3EE}.Release|Any CPU.Build.0 = Release|Any CPU
		{AB09A973-B6CF-42D3-BC34-F235FEDBBF39}.Debug|Any CPU.ActiveCfg = Debug|Any CPU
		{AB09A973-B6CF-42D3-BC34-F235FEDBBF39}.Debug|Any CPU.Build.0 = Debug|Any CPU
		{AB09A973-B6CF-42D3-BC34-F235FEDBBF39}.Release|Any CPU.ActiveCfg = Release|Any CPU
		{AB09A973-B6CF-42D3-BC34-F235FEDBBF39}.Release|Any CPU.Build.0 = Release|Any CPU
		{BC91CF90-B96B-48F1-ABCE-08A030259BB5}.Debug|Any CPU.ActiveCfg = Debug|Any CPU
		{BC91CF90-B96B-48F1-ABCE-08A030259BB5}.Debug|Any CPU.Build.0 = Debug|Any CPU
		{BC91CF90-B96B-48F1-ABCE-08A030259BB5}.Release|Any CPU.ActiveCfg = Release|Any CPU
		{BC91CF90-B96B-48F1-ABCE-08A030259BB5}.Release|Any CPU.Build.0 = Release|Any CPU
		{65E132BB-D83A-4A12-98B3-2A126BB9F7B5}.Debug|Any CPU.ActiveCfg = Debug|Any CPU
		{65E132BB-D83A-4A12-98B3-2A126BB9F7B5}.Debug|Any CPU.Build.0 = Debug|Any CPU
		{65E132BB-D83A-4A12-98B3-2A126BB9F7B5}.Release|Any CPU.ActiveCfg = Release|Any CPU
		{65E132BB-D83A-4A12-98B3-2A126BB9F7B5}.Release|Any CPU.Build.0 = Release|Any CPU
		{65B8D30C-3EC3-45D4-8BC3-019A1F2B20D3}.Debug|Any CPU.ActiveCfg = Debug|Any CPU
		{65B8D30C-3EC3-45D4-8BC3-019A1F2B20D3}.Debug|Any CPU.Build.0 = Debug|Any CPU
		{65B8D30C-3EC3-45D4-8BC3-019A1F2B20D3}.Release|Any CPU.ActiveCfg = Release|Any CPU
		{65B8D30C-3EC3-45D4-8BC3-019A1F2B20D3}.Release|Any CPU.Build.0 = Release|Any CPU
	EndGlobalSection
	GlobalSection(SolutionProperties) = preSolution
		HideSolutionNode = FALSE
	EndGlobalSection
	GlobalSection(ExtensibilityGlobals) = postSolution
		SolutionGuid = {E660E759-0557-468A-A3D5-13AFB4991A0F}
	EndGlobalSection
EndGlobal
